// !$*UTF8*$!
{
	archiveVersion = 1;
	classes = {
	};
	objectVersion = 56;
	objects = {

/* Begin PBXBuildFile section */
		815D32372C050CF600921235 /* AppDelegate.swift in Sources */ = {isa = PBXBuildFile; fileRef = 815D32362C050CF600921235 /* AppDelegate.swift */; };
		815D32392C050CF600921235 /* ContentView.swift in Sources */ = {isa = PBXBuildFile; fileRef = 815D32382C050CF600921235 /* ContentView.swift */; };
		815D323B2C050CF700921235 /* Assets.xcassets in Resources */ = {isa = PBXBuildFile; fileRef = 815D323A2C050CF700921235 /* Assets.xcassets */; };
		815D323E2C050CF700921235 /* Preview Assets.xcassets in Resources */ = {isa = PBXBuildFile; fileRef = 815D323D2C050CF700921235 /* Preview Assets.xcassets */; };
		815D32452C050D6800921235 /* ARViewContainer.swift in Sources */ = {isa = PBXBuildFile; fileRef = 815D32442C050D6800921235 /* ARViewContainer.swift */; };
		815D32472C050E3E00921235 /* ARMainSession.swift in Sources */ = {isa = PBXBuildFile; fileRef = 815D32462C050E3E00921235 /* ARMainSession.swift */; };
		815D324B2C05118D00921235 /* mercedes.usdz in Resources */ = {isa = PBXBuildFile; fileRef = 815D32492C05118D00921235 /* mercedes.usdz */; };
		815D324C2C05118D00921235 /* mercedes_scene.usda in Resources */ = {isa = PBXBuildFile; fileRef = 815D324A2C05118D00921235 /* mercedes_scene.usda */; };
/* End PBXBuildFile section */

/* Begin PBXFileReference section */
		815D32332C050CF600921235 /* ARPaperMarketing.app */ = {isa = PBXFileReference; explicitFileType = wrapper.application; includeInIndex = 0; path = ARPaperMarketing.app; sourceTree = BUILT_PRODUCTS_DIR; };
		815D32362C050CF600921235 /* AppDelegate.swift */ = {isa = PBXFileReference; lastKnownFileType = sourcecode.swift; path = AppDelegate.swift; sourceTree = "<group>"; };
		815D32382C050CF600921235 /* ContentView.swift */ = {isa = PBXFileReference; lastKnownFileType = sourcecode.swift; path = ContentView.swift; sourceTree = "<group>"; };
		815D323A2C050CF700921235 /* Assets.xcassets */ = {isa = PBXFileReference; lastKnownFileType = folder.assetcatalog; path = Assets.xcassets; sourceTree = "<group>"; };
		815D323D2C050CF700921235 /* Preview Assets.xcassets */ = {isa = PBXFileReference; lastKnownFileType = folder.assetcatalog; path = "Preview Assets.xcassets"; sourceTree = "<group>"; };
		815D32442C050D6800921235 /* ARViewContainer.swift */ = {isa = PBXFileReference; lastKnownFileType = sourcecode.swift; path = ARViewContainer.swift; sourceTree = "<group>"; };
		815D32462C050E3E00921235 /* ARMainSession.swift */ = {isa = PBXFileReference; lastKnownFileType = sourcecode.swift; path = ARMainSession.swift; sourceTree = "<group>"; };
		815D32492C05118D00921235 /* mercedes.usdz */ = {isa = PBXFileReference; lastKnownFileType = file.usdz; path = mercedes.usdz; sourceTree = "<group>"; };
		815D324A2C05118D00921235 /* mercedes_scene.usda */ = {isa = PBXFileReference; fileEncoding = 4; lastKnownFileType = text; path = mercedes_scene.usda; sourceTree = "<group>"; };
/* End PBXFileReference section */

/* Begin PBXFrameworksBuildPhase section */
		815D32302C050CF600921235 /* Frameworks */ = {
			isa = PBXFrameworksBuildPhase;
			buildActionMask = 2147483647;
			files = (
			);
			runOnlyForDeploymentPostprocessing = 0;
		};
/* End PBXFrameworksBuildPhase section */

/* Begin PBXGroup section */
		815D322A2C050CF600921235 = {
			isa = PBXGroup;
			children = (
				815D32352C050CF600921235 /* ARPaperMarketing */,
				815D32342C050CF600921235 /* Products */,
			);
			sourceTree = "<group>";
		};
		815D32342C050CF600921235 /* Products */ = {
			isa = PBXGroup;
			children = (
				815D32332C050CF600921235 /* ARPaperMarketing.app */,
			);
			name = Products;
			sourceTree = "<group>";
		};
		815D32352C050CF600921235 /* ARPaperMarketing */ = {
			isa = PBXGroup;
			children = (
				815D32482C05115500921235 /* ProductResources */,
				815D32362C050CF600921235 /* AppDelegate.swift */,
				815D32382C050CF600921235 /* ContentView.swift */,
				815D32442C050D6800921235 /* ARViewContainer.swift */,
				815D32462C050E3E00921235 /* ARMainSession.swift */,
				815D323A2C050CF700921235 /* Assets.xcassets */,
				815D323C2C050CF700921235 /* Preview Content */,
			);
			path = ARPaperMarketing;
			sourceTree = "<group>";
		};
		815D323C2C050CF700921235 /* Preview Content */ = {
			isa = PBXGroup;
			children = (
				815D323D2C050CF700921235 /* Preview Assets.xcassets */,
			);
			path = "Preview Content";
			sourceTree = "<group>";
		};
		815D32482C05115500921235 /* ProductResources */ = {
			isa = PBXGroup;
			children = (
				815D324A2C05118D00921235 /* mercedes_scene.usda */,
				815D32492C05118D00921235 /* mercedes.usdz */,
			);
			path = ProductResources;
			sourceTree = "<group>";
		};
/* End PBXGroup section */

/* Begin PBXNativeTarget section */
		815D32322C050CF600921235 /* ARPaperMarketing */ = {
			isa = PBXNativeTarget;
			buildConfigurationList = 815D32412C050CF700921235 /* Build configuration list for PBXNativeTarget "ARPaperMarketing" */;
			buildPhases = (
				815D322F2C050CF600921235 /* Sources */,
				815D32302C050CF600921235 /* Frameworks */,
				815D32312C050CF600921235 /* Resources */,
			);
			buildRules = (
			);
			dependencies = (
			);
			name = ARPaperMarketing;
			productName = ARPaperMarketing;
			productReference = 815D32332C050CF600921235 /* ARPaperMarketing.app */;
			productType = "com.apple.product-type.application";
		};
/* End PBXNativeTarget section */

/* Begin PBXProject section */
		815D322B2C050CF600921235 /* Project object */ = {
			isa = PBXProject;
			attributes = {
				BuildIndependentTargetsInParallel = 1;
				LastSwiftUpdateCheck = 1530;
				LastUpgradeCheck = 1530;
				TargetAttributes = {
					815D32322C050CF600921235 = {
						CreatedOnToolsVersion = 15.3;
					};
				};
			};
			buildConfigurationList = 815D322E2C050CF600921235 /* Build configuration list for PBXProject "ARPaperMarketing" */;
			compatibilityVersion = "Xcode 14.0";
			developmentRegion = en;
			hasScannedForEncodings = 0;
			knownRegions = (
				en,
				Base,
			);
			mainGroup = 815D322A2C050CF600921235;
			productRefGroup = 815D32342C050CF600921235 /* Products */;
			projectDirPath = "";
			projectRoot = "";
			targets = (
				815D32322C050CF600921235 /* ARPaperMarketing */,
			);
		};
/* End PBXProject section */

/* Begin PBXResourcesBuildPhase section */
		815D32312C050CF600921235 /* Resources */ = {
			isa = PBXResourcesBuildPhase;
			buildActionMask = 2147483647;
			files = (
				815D323E2C050CF700921235 /* Preview Assets.xcassets in Resources */,
				815D323B2C050CF700921235 /* Assets.xcassets in Resources */,
				815D324B2C05118D00921235 /* mercedes.usdz in Resources */,
				815D324C2C05118D00921235 /* mercedes_scene.usda in Resources */,
			);
			runOnlyForDeploymentPostprocessing = 0;
		};
/* End PBXResourcesBuildPhase section */

/* Begin PBXSourcesBuildPhase section */
		815D322F2C050CF600921235 /* Sources */ = {
			isa = PBXSourcesBuildPhase;
			buildActionMask = 2147483647;
			files = (
				815D32392C050CF600921235 /* ContentView.swift in Sources */,
				815D32372C050CF600921235 /* AppDelegate.swift in Sources */,
				815D32472C050E3E00921235 /* ARMainSession.swift in Sources */,
				815D32452C050D6800921235 /* ARViewContainer.swift in Sources */,
			);
			runOnlyForDeploymentPostprocessing = 0;
		};
/* End PBXSourcesBuildPhase section */

/* Begin XCBuildConfiguration section */
		815D323F2C050CF700921235 /* Debug */ = {
			isa = XCBuildConfiguration;
			buildSettings = {
				ALWAYS_SEARCH_USER_PATHS = NO;
				ASSETCATALOG_COMPILER_GENERATE_SWIFT_ASSET_SYMBOL_EXTENSIONS = YES;
				CLANG_ANALYZER_NONNULL = YES;
				CLANG_ANALYZER_NUMBER_OBJECT_CONVERSION = YES_AGGRESSIVE;
				CLANG_CXX_LANGUAGE_STANDARD = "gnu++20";
				CLANG_ENABLE_MODULES = YES;
				CLANG_ENABLE_OBJC_ARC = YES;
				CLANG_ENABLE_OBJC_WEAK = YES;
				CLANG_WARN_BLOCK_CAPTURE_AUTORELEASING = YES;
				CLANG_WARN_BOOL_CONVERSION = YES;
				CLANG_WARN_COMMA = YES;
				CLANG_WARN_CONSTANT_CONVERSION = YES;
				CLANG_WARN_DEPRECATED_OBJC_IMPLEMENTATIONS = YES;
				CLANG_WARN_DIRECT_OBJC_ISA_USAGE = YES_ERROR;
				CLANG_WARN_DOCUMENTATION_COMMENTS = YES;
				CLANG_WARN_EMPTY_BODY = YES;
				CLANG_WARN_ENUM_CONVERSION = YES;
				CLANG_WARN_INFINITE_RECURSION = YES;
				CLANG_WARN_INT_CONVERSION = YES;
				CLANG_WARN_NON_LITERAL_NULL_CONVERSION = YES;
				CLANG_WARN_OBJC_IMPLICIT_RETAIN_SELF = YES;
				CLANG_WARN_OBJC_LITERAL_CONVERSION = YES;
				CLANG_WARN_OBJC_ROOT_CLASS = YES_ERROR;
				CLANG_WARN_QUOTED_INCLUDE_IN_FRAMEWORK_HEADER = YES;
				CLANG_WARN_RANGE_LOOP_ANALYSIS = YES;
				CLANG_WARN_STRICT_PROTOTYPES = YES;
				CLANG_WARN_SUSPICIOUS_MOVE = YES;
				CLANG_WARN_UNGUARDED_AVAILABILITY = YES_AGGRESSIVE;
				CLANG_WARN_UNREACHABLE_CODE = YES;
				CLANG_WARN__DUPLICATE_METHOD_MATCH = YES;
				COPY_PHASE_STRIP = NO;
				DEBUG_INFORMATION_FORMAT = dwarf;
				ENABLE_STRICT_OBJC_MSGSEND = YES;
				ENABLE_TESTABILITY = YES;
				ENABLE_USER_SCRIPT_SANDBOXING = YES;
				GCC_C_LANGUAGE_STANDARD = gnu17;
				GCC_DYNAMIC_NO_PIC = NO;
				GCC_NO_COMMON_BLOCKS = YES;
				GCC_OPTIMIZATION_LEVEL = 0;
				GCC_PREPROCESSOR_DEFINITIONS = (
					"DEBUG=1",
					"$(inherited)",
				);
				GCC_WARN_64_TO_32_BIT_CONVERSION = YES;
				GCC_WARN_ABOUT_RETURN_TYPE = YES_ERROR;
				GCC_WARN_UNDECLARED_SELECTOR = YES;
				GCC_WARN_UNINITIALIZED_AUTOS = YES_AGGRESSIVE;
				GCC_WARN_UNUSED_FUNCTION = YES;
				GCC_WARN_UNUSED_VARIABLE = YES;
				IPHONEOS_DEPLOYMENT_TARGET = 17.4;
				LOCALIZATION_PREFERS_STRING_CATALOGS = YES;
				MTL_ENABLE_DEBUG_INFO = INCLUDE_SOURCE;
				MTL_FAST_MATH = YES;
				ONLY_ACTIVE_ARCH = YES;
				SDKROOT = iphoneos;
				SWIFT_ACTIVE_COMPILATION_CONDITIONS = "DEBUG $(inherited)";
				SWIFT_OPTIMIZATION_LEVEL = "-Onone";
			};
			name = Debug;
		};
		815D32402C050CF700921235 /* Release */ = {
			isa = XCBuildConfiguration;
			buildSettings = {
				ALWAYS_SEARCH_USER_PATHS = NO;
				ASSETCATALOG_COMPILER_GENERATE_SWIFT_ASSET_SYMBOL_EXTENSIONS = YES;
				CLANG_ANALYZER_NONNULL = YES;
				CLANG_ANALYZER_NUMBER_OBJECT_CONVERSION = YES_AGGRESSIVE;
				CLANG_CXX_LANGUAGE_STANDARD = "gnu++20";
				CLANG_ENABLE_MODULES = YES;
				CLANG_ENABLE_OBJC_ARC = YES;
				CLANG_ENABLE_OBJC_WEAK = YES;
				CLANG_WARN_BLOCK_CAPTURE_AUTORELEASING = YES;
				CLANG_WARN_BOOL_CONVERSION = YES;
				CLANG_WARN_COMMA = YES;
				CLANG_WARN_CONSTANT_CONVERSION = YES;
				CLANG_WARN_DEPRECATED_OBJC_IMPLEMENTATIONS = YES;
				CLANG_WARN_DIRECT_OBJC_ISA_USAGE = YES_ERROR;
				CLANG_WARN_DOCUMENTATION_COMMENTS = YES;
				CLANG_WARN_EMPTY_BODY = YES;
				CLANG_WARN_ENUM_CONVERSION = YES;
				CLANG_WARN_INFINITE_RECURSION = YES;
				CLANG_WARN_INT_CONVERSION = YES;
				CLANG_WARN_NON_LITERAL_NULL_CONVERSION = YES;
				CLANG_WARN_OBJC_IMPLICIT_RETAIN_SELF = YES;
				CLANG_WARN_OBJC_LITERAL_CONVERSION = YES;
				CLANG_WARN_OBJC_ROOT_CLASS = YES_ERROR;
				CLANG_WARN_QUOTED_INCLUDE_IN_FRAMEWORK_HEADER = YES;
				CLANG_WARN_RANGE_LOOP_ANALYSIS = YES;
				CLANG_WARN_STRICT_PROTOTYPES = YES;
				CLANG_WARN_SUSPICIOUS_MOVE = YES;
				CLANG_WARN_UNGUARDED_AVAILABILITY = YES_AGGRESSIVE;
				CLANG_WARN_UNREACHABLE_CODE = YES;
				CLANG_WARN__DUPLICATE_METHOD_MATCH = YES;
				COPY_PHASE_STRIP = NO;
				DEBUG_INFORMATION_FORMAT = "dwarf-with-dsym";
				ENABLE_NS_ASSERTIONS = NO;
				ENABLE_STRICT_OBJC_MSGSEND = YES;
				ENABLE_USER_SCRIPT_SANDBOXING = YES;
				GCC_C_LANGUAGE_STANDARD = gnu17;
				GCC_NO_COMMON_BLOCKS = YES;
				GCC_WARN_64_TO_32_BIT_CONVERSION = YES;
				GCC_WARN_ABOUT_RETURN_TYPE = YES_ERROR;
				GCC_WARN_UNDECLARED_SELECTOR = YES;
				GCC_WARN_UNINITIALIZED_AUTOS = YES_AGGRESSIVE;
				GCC_WARN_UNUSED_FUNCTION = YES;
				GCC_WARN_UNUSED_VARIABLE = YES;
				IPHONEOS_DEPLOYMENT_TARGET = 17.4;
				LOCALIZATION_PREFERS_STRING_CATALOGS = YES;
				MTL_ENABLE_DEBUG_INFO = NO;
				MTL_FAST_MATH = YES;
				SDKROOT = iphoneos;
				SWIFT_COMPILATION_MODE = wholemodule;
				VALIDATE_PRODUCT = YES;
			};
			name = Release;
		};
		815D32422C050CF700921235 /* Debug */ = {
			isa = XCBuildConfiguration;
			buildSettings = {
				ASSETCATALOG_COMPILER_APPICON_NAME = AppIcon;
				ASSETCATALOG_COMPILER_GLOBAL_ACCENT_COLOR_NAME = AccentColor;
				CODE_SIGN_STYLE = Automatic;
				CURRENT_PROJECT_VERSION = 1;
				DEVELOPMENT_ASSET_PATHS = "\"ARPaperMarketing/Preview Content\"";
				DEVELOPMENT_TEAM = 5JLEX62WZ5;
				ENABLE_PREVIEWS = YES;
				GENERATE_INFOPLIST_FILE = YES;
				INFOPLIST_KEY_NSCameraUsageDescription = "";
				INFOPLIST_KEY_UIApplicationSupportsIndirectInputEvents = YES;
				INFOPLIST_KEY_UILaunchScreen_Generation = YES;
				INFOPLIST_KEY_UIRequiredDeviceCapabilities = arkit;
				INFOPLIST_KEY_UIStatusBarHidden = YES;
				INFOPLIST_KEY_UISupportedInterfaceOrientations_iPad = "UIInterfaceOrientationPortrait UIInterfaceOrientationPortraitUpsideDown UIInterfaceOrientationLandscapeLeft UIInterfaceOrientationLandscapeRight";
				INFOPLIST_KEY_UISupportedInterfaceOrientations_iPhone = "UIInterfaceOrientationPortrait UIInterfaceOrientationLandscapeLeft UIInterfaceOrientationLandscapeRight";
				LD_RUNPATH_SEARCH_PATHS = (
					"$(inherited)",
					"@executable_path/Frameworks",
				);
				MARKETING_VERSION = 1.0;
				PRODUCT_BUNDLE_IDENTIFIER = com.fulostudio.ARPaperMarketing;
				PRODUCT_NAME = "$(TARGET_NAME)";
				SWIFT_EMIT_LOC_STRINGS = YES;
				SWIFT_VERSION = 5.0;
				TARGETED_DEVICE_FAMILY = "1,2";
			};
			name = Debug;
		};
		815D32432C050CF700921235 /* Release */ = {
			isa = XCBuildConfiguration;
			buildSettings = {
				ASSETCATALOG_COMPILER_APPICON_NAME = AppIcon;
				ASSETCATALOG_COMPILER_GLOBAL_ACCENT_COLOR_NAME = AccentColor;
				CODE_SIGN_STYLE = Automatic;
				CURRENT_PROJECT_VERSION = 1;
				DEVELOPMENT_ASSET_PATHS = "\"ARPaperMarketing/Preview Content\"";
				DEVELOPMENT_TEAM = 5JLEX62WZ5;
				ENABLE_PREVIEWS = YES;
				GENERATE_INFOPLIST_FILE = YES;
				INFOPLIST_KEY_NSCameraUsageDescription = "";
				INFOPLIST_KEY_UIApplicationSupportsIndirectInputEvents = YES;
				INFOPLIST_KEY_UILaunchScreen_Generation = YES;
				INFOPLIST_KEY_UIRequiredDeviceCapabilities = arkit;
				INFOPLIST_KEY_UIStatusBarHidden = YES;
				INFOPLIST_KEY_UISupportedInterfaceOrientations_iPad = "UIInterfaceOrientationPortrait UIInterfaceOrientationPortraitUpsideDown UIInterfaceOrientationLandscapeLeft UIInterfaceOrientationLandscapeRight";
				INFOPLIST_KEY_UISupportedInterfaceOrientations_iPhone = "UIInterfaceOrientationPortrait UIInterfaceOrientationLandscapeLeft UIInterfaceOrientationLandscapeRight";
				LD_RUNPATH_SEARCH_PATHS = (
					"$(inherited)",
					"@executable_path/Frameworks",
				);
				MARKETING_VERSION = 1.0;
				PRODUCT_BUNDLE_IDENTIFIER = com.fulostudio.ARPaperMarketing;
				PRODUCT_NAME = "$(TARGET_NAME)";
				SWIFT_EMIT_LOC_STRINGS = YES;
				SWIFT_VERSION = 5.0;
				TARGETED_DEVICE_FAMILY = "1,2";
			};
			name = Release;
		};
/* End XCBuildConfiguration section */

/* Begin XCConfigurationList section */
		815D322E2C050CF600921235 /* Build configuration list for PBXProject "ARPaperMarketing" */ = {
			isa = XCConfigurationList;
			buildConfigurations = (
				815D323F2C050CF700921235 /* Debug */,
				815D32402C050CF700921235 /* Release */,
			);
			defaultConfigurationIsVisible = 0;
			defaultConfigurationName = Release;
		};
		815D32412C050CF700921235 /* Build configuration list for PBXNativeTarget "ARPaperMarketing" */ = {
			isa = XCConfigurationList;
			buildConfigurations = (
				815D32422C050CF700921235 /* Debug */,
				815D32432C050CF700921235 /* Release */,
			);
			defaultConfigurationIsVisible = 0;
			defaultConfigurationName = Release;
		};
/* End XCConfigurationList section */
	};
	rootObject = 815D322B2C050CF600921235 /* Project object */;
}
